// !$*UTF8*$!
{
	archiveVersion = 1;
	classes = {
	};
	objectVersion = 48;
	objects = {

/* Begin PBXBuildFile section */
		F10E6F4220153401007AA679 /* AppDelegate.swift in Sources */ = {isa = PBXBuildFile; fileRef = F10E6F4120153401007AA679 /* AppDelegate.swift */; };
		F10E6F4420153401007AA679 /* LogInViewController.swift in Sources */ = {isa = PBXBuildFile; fileRef = F10E6F4320153401007AA679 /* LogInViewController.swift */; };
		F10E6F4720153401007AA679 /* Main.storyboard in Resources */ = {isa = PBXBuildFile; fileRef = F10E6F4520153401007AA679 /* Main.storyboard */; };
		F10E6F4A20153401007AA679 /* My_Entertainments.xcdatamodeld in Sources */ = {isa = PBXBuildFile; fileRef = F10E6F4820153401007AA679 /* My_Entertainments.xcdatamodeld */; };
		F10E6F4F20153401007AA679 /* LaunchScreen.storyboard in Resources */ = {isa = PBXBuildFile; fileRef = F10E6F4D20153401007AA679 /* LaunchScreen.storyboard */; };
		F10E6F57201535C3007AA679 /* GoogleService-Info.plist in Resources */ = {isa = PBXBuildFile; fileRef = F10E6F56201535C2007AA679 /* GoogleService-Info.plist */; };
		F10E6F59201553DA007AA679 /* SignUpViewController.swift in Sources */ = {isa = PBXBuildFile; fileRef = F10E6F58201553DA007AA679 /* SignUpViewController.swift */; };
		F10E6F5E20159C31007AA679 /* ProtocolFile.swift in Sources */ = {isa = PBXBuildFile; fileRef = F10E6F5D20159C31007AA679 /* ProtocolFile.swift */; };
		F13BB2D520562A1500646678 /* SideMenuTableViewCell.swift in Sources */ = {isa = PBXBuildFile; fileRef = F13BB2D320562A1500646678 /* SideMenuTableViewCell.swift */; };
		F13BB2D620562A1500646678 /* SideMenuTableViewCell.xib in Resources */ = {isa = PBXBuildFile; fileRef = F13BB2D420562A1500646678 /* SideMenuTableViewCell.xib */; };
		F13BB2D92056FA5C00646678 /* SideMenuButton.swift in Sources */ = {isa = PBXBuildFile; fileRef = F13BB2D82056FA5C00646678 /* SideMenuButton.swift */; };
		F13BB2E12057094300646678 /* UserStoredMovieViewController.swift in Sources */ = {isa = PBXBuildFile; fileRef = F13BB2E02057094300646678 /* UserStoredMovieViewController.swift */; };
		F13BB32B2058EDBA00646678 /* ContactsTableViewCell.swift in Sources */ = {isa = PBXBuildFile; fileRef = F13BB3292058EDBA00646678 /* ContactsTableViewCell.swift */; };
		F13BB32C2058EDBA00646678 /* ContactsTableViewCell.xib in Resources */ = {isa = PBXBuildFile; fileRef = F13BB32A2058EDBA00646678 /* ContactsTableViewCell.xib */; };
		F13BB32E2058EF0700646678 /* UserContact.swift in Sources */ = {isa = PBXBuildFile; fileRef = F13BB32D2058EF0700646678 /* UserContact.swift */; };
		F13BB3302058F11A00646678 /* ContactsTableViewController.swift in Sources */ = {isa = PBXBuildFile; fileRef = F13BB32F2058F11A00646678 /* ContactsTableViewController.swift */; };
		F13BB3322058F4CC00646678 /* NewContactViewController.swift in Sources */ = {isa = PBXBuildFile; fileRef = F13BB3312058F4CC00646678 /* NewContactViewController.swift */; };
		F1572FFA20378D230048C08A /* UserAccount.swift in Sources */ = {isa = PBXBuildFile; fileRef = F1572FF920378D230048C08A /* UserAccount.swift */; };
		F15EF68C201C4A4F0054683C /* MovieDetailTableViewController.swift in Sources */ = {isa = PBXBuildFile; fileRef = F15EF68B201C4A4F0054683C /* MovieDetailTableViewController.swift */; };
		F15EF694201EDB660054683C /* Assets.xcassets in Resources */ = {isa = PBXBuildFile; fileRef = F15EF693201EDB650054683C /* Assets.xcassets */; };
		F189C5072016531500CEDA44 /* SearchViewController.swift in Sources */ = {isa = PBXBuildFile; fileRef = F189C5062016531500CEDA44 /* SearchViewController.swift */; };
		F189C50D20168FEF00CEDA44 /* MovieTableViewCell.swift in Sources */ = {isa = PBXBuildFile; fileRef = F189C50B20168FEF00CEDA44 /* MovieTableViewCell.swift */; };
		F189C50E20168FEF00CEDA44 /* MovieTableViewCell.xib in Resources */ = {isa = PBXBuildFile; fileRef = F189C50C20168FEF00CEDA44 /* MovieTableViewCell.xib */; };
		F189C5112016DDA500CEDA44 /* Movie.swift in Sources */ = {isa = PBXBuildFile; fileRef = F189C5102016DDA500CEDA44 /* Movie.swift */; };
		F18C86DD2052F6C100CDD5B5 /* SimilarMovie.swift in Sources */ = {isa = PBXBuildFile; fileRef = F18C86DC2052F6C100CDD5B5 /* SimilarMovie.swift */; };
		F18C86DF2053836E00CDD5B5 /* PeopleTableViewController.swift in Sources */ = {isa = PBXBuildFile; fileRef = F18C86DE2053836E00CDD5B5 /* PeopleTableViewController.swift */; };
		F18C86E3205385F100CDD5B5 /* PeopleCollectionViewCell.swift in Sources */ = {isa = PBXBuildFile; fileRef = F18C86E1205385F100CDD5B5 /* PeopleCollectionViewCell.swift */; };
		F18C86E4205385F100CDD5B5 /* PeopleCollectionViewCell.xib in Resources */ = {isa = PBXBuildFile; fileRef = F18C86E2205385F100CDD5B5 /* PeopleCollectionViewCell.xib */; };
		F18C86E62053903C00CDD5B5 /* RelatedMovie.swift in Sources */ = {isa = PBXBuildFile; fileRef = F18C86E52053903C00CDD5B5 /* RelatedMovie.swift */; };
		F18C86EA20545F1500CDD5B5 /* UserStoredMovie.swift in Sources */ = {isa = PBXBuildFile; fileRef = F18C86E920545F1500CDD5B5 /* UserStoredMovie.swift */; };
		F196B450204F3241009006C1 /* UserDefaultPhotosCollectionViewCell.swift in Sources */ = {isa = PBXBuildFile; fileRef = F196B44E204F3241009006C1 /* UserDefaultPhotosCollectionViewCell.swift */; };
		F196B451204F3241009006C1 /* UserDefaultPhotosCollectionViewCell.xib in Resources */ = {isa = PBXBuildFile; fileRef = F196B44F204F3241009006C1 /* UserDefaultPhotosCollectionViewCell.xib */; };
		F1CF26592052553D008D4A60 /* MovieAndCastCollectionViewCell.swift in Sources */ = {isa = PBXBuildFile; fileRef = F1CF26572052553D008D4A60 /* MovieAndCastCollectionViewCell.swift */; };
		F1CF265A2052553D008D4A60 /* MovieAndCastCollectionViewCell.xib in Resources */ = {isa = PBXBuildFile; fileRef = F1CF26582052553D008D4A60 /* MovieAndCastCollectionViewCell.xib */; };
		F1CF265D205259E4008D4A60 /* Cast.swift in Sources */ = {isa = PBXBuildFile; fileRef = F1CF265C205259E4008D4A60 /* Cast.swift */; };
		F2B78ACEE4C4FA4C0D5FB5D1 /* Pods_My_Entertainments.framework in Frameworks */ = {isa = PBXBuildFile; fileRef = 71C7F1C40E083AFAE57BB13A /* Pods_My_Entertainments.framework */; };
/* End PBXBuildFile section */

/* Begin PBXFileReference section */
		58B52C0FF4EC7C215322765B /* Pods-My Entertainments.release.xcconfig */ = {isa = PBXFileReference; includeInIndex = 1; lastKnownFileType = text.xcconfig; name = "Pods-My Entertainments.release.xcconfig"; path = "Pods/Target Support Files/Pods-My Entertainments/Pods-My Entertainments.release.xcconfig"; sourceTree = "<group>"; };
		71C7F1C40E083AFAE57BB13A /* Pods_My_Entertainments.framework */ = {isa = PBXFileReference; explicitFileType = wrapper.framework; includeInIndex = 0; path = Pods_My_Entertainments.framework; sourceTree = BUILT_PRODUCTS_DIR; };
		922EC5430F09E6A604EBA2C0 /* Pods-My Entertainments.debug.xcconfig */ = {isa = PBXFileReference; includeInIndex = 1; lastKnownFileType = text.xcconfig; name = "Pods-My Entertainments.debug.xcconfig"; path = "Pods/Target Support Files/Pods-My Entertainments/Pods-My Entertainments.debug.xcconfig"; sourceTree = "<group>"; };
		F10E6F3E20153401007AA679 /* My Entertainments.app */ = {isa = PBXFileReference; explicitFileType = wrapper.application; includeInIndex = 0; path = "My Entertainments.app"; sourceTree = BUILT_PRODUCTS_DIR; };
		F10E6F4120153401007AA679 /* AppDelegate.swift */ = {isa = PBXFileReference; lastKnownFileType = sourcecode.swift; path = AppDelegate.swift; sourceTree = "<group>"; };
		F10E6F4320153401007AA679 /* LogInViewController.swift */ = {isa = PBXFileReference; lastKnownFileType = sourcecode.swift; path = LogInViewController.swift; sourceTree = "<group>"; };
		F10E6F4620153401007AA679 /* Base */ = {isa = PBXFileReference; lastKnownFileType = file.storyboard; name = Base; path = Base.lproj/Main.storyboard; sourceTree = "<group>"; };
		F10E6F4920153401007AA679 /* My_Entertainments.xcdatamodel */ = {isa = PBXFileReference; lastKnownFileType = wrapper.xcdatamodel; path = My_Entertainments.xcdatamodel; sourceTree = "<group>"; };
		F10E6F4E20153401007AA679 /* Base */ = {isa = PBXFileReference; lastKnownFileType = file.storyboard; name = Base; path = Base.lproj/LaunchScreen.storyboard; sourceTree = "<group>"; };
		F10E6F5020153401007AA679 /* Info.plist */ = {isa = PBXFileReference; lastKnownFileType = text.plist.xml; path = Info.plist; sourceTree = "<group>"; };
		F10E6F56201535C2007AA679 /* GoogleService-Info.plist */ = {isa = PBXFileReference; fileEncoding = 4; lastKnownFileType = text.plist.xml; path = "GoogleService-Info.plist"; sourceTree = "<group>"; };
		F10E6F58201553DA007AA679 /* SignUpViewController.swift */ = {isa = PBXFileReference; lastKnownFileType = sourcecode.swift; path = SignUpViewController.swift; sourceTree = "<group>"; };
		F10E6F5D20159C31007AA679 /* ProtocolFile.swift */ = {isa = PBXFileReference; lastKnownFileType = sourcecode.swift; path = ProtocolFile.swift; sourceTree = "<group>"; };
		F13BB2D320562A1500646678 /* SideMenuTableViewCell.swift */ = {isa = PBXFileReference; lastKnownFileType = sourcecode.swift; path = SideMenuTableViewCell.swift; sourceTree = "<group>"; };
		F13BB2D420562A1500646678 /* SideMenuTableViewCell.xib */ = {isa = PBXFileReference; lastKnownFileType = file.xib; path = SideMenuTableViewCell.xib; sourceTree = "<group>"; };
		F13BB2D82056FA5C00646678 /* SideMenuButton.swift */ = {isa = PBXFileReference; lastKnownFileType = sourcecode.swift; path = SideMenuButton.swift; sourceTree = "<group>"; };
		F13BB2E02057094300646678 /* UserStoredMovieViewController.swift */ = {isa = PBXFileReference; lastKnownFileType = sourcecode.swift; path = UserStoredMovieViewController.swift; sourceTree = "<group>"; };
		F13BB3292058EDBA00646678 /* ContactsTableViewCell.swift */ = {isa = PBXFileReference; lastKnownFileType = sourcecode.swift; path = ContactsTableViewCell.swift; sourceTree = "<group>"; };
		F13BB32A2058EDBA00646678 /* ContactsTableViewCell.xib */ = {isa = PBXFileReference; lastKnownFileType = file.xib; path = ContactsTableViewCell.xib; sourceTree = "<group>"; };
		F13BB32D2058EF0700646678 /* UserContact.swift */ = {isa = PBXFileReference; lastKnownFileType = sourcecode.swift; path = UserContact.swift; sourceTree = "<group>"; };
		F13BB32F2058F11A00646678 /* ContactsTableViewController.swift */ = {isa = PBXFileReference; lastKnownFileType = sourcecode.swift; path = ContactsTableViewController.swift; sourceTree = "<group>"; };
		F13BB3312058F4CC00646678 /* NewContactViewController.swift */ = {isa = PBXFileReference; lastKnownFileType = sourcecode.swift; path = NewContactViewController.swift; sourceTree = "<group>"; };
		F1572FF920378D230048C08A /* UserAccount.swift */ = {isa = PBXFileReference; lastKnownFileType = sourcecode.swift; path = UserAccount.swift; sourceTree = "<group>"; };
		F15EF68B201C4A4F0054683C /* MovieDetailTableViewController.swift */ = {isa = PBXFileReference; lastKnownFileType = sourcecode.swift; path = MovieDetailTableViewController.swift; sourceTree = "<group>"; };
		F15EF693201EDB650054683C /* Assets.xcassets */ = {isa = PBXFileReference; lastKnownFileType = folder.assetcatalog; path = Assets.xcassets; sourceTree = "<group>"; };
		F189C5062016531500CEDA44 /* SearchViewController.swift */ = {isa = PBXFileReference; lastKnownFileType = sourcecode.swift; path = SearchViewController.swift; sourceTree = "<group>"; };
		F189C50B20168FEF00CEDA44 /* MovieTableViewCell.swift */ = {isa = PBXFileReference; lastKnownFileType = sourcecode.swift; path = MovieTableViewCell.swift; sourceTree = "<group>"; };
		F189C50C20168FEF00CEDA44 /* MovieTableViewCell.xib */ = {isa = PBXFileReference; lastKnownFileType = file.xib; path = MovieTableViewCell.xib; sourceTree = "<group>"; };
		F189C5102016DDA500CEDA44 /* Movie.swift */ = {isa = PBXFileReference; lastKnownFileType = sourcecode.swift; path = Movie.swift; sourceTree = "<group>"; };
		F18C86DC2052F6C100CDD5B5 /* SimilarMovie.swift */ = {isa = PBXFileReference; lastKnownFileType = sourcecode.swift; path = SimilarMovie.swift; sourceTree = "<group>"; };
		F18C86DE2053836E00CDD5B5 /* PeopleTableViewController.swift */ = {isa = PBXFileReference; lastKnownFileType = sourcecode.swift; path = PeopleTableViewController.swift; sourceTree = "<group>"; };
		F18C86E1205385F100CDD5B5 /* PeopleCollectionViewCell.swift */ = {isa = PBXFileReference; lastKnownFileType = sourcecode.swift; path = PeopleCollectionViewCell.swift; sourceTree = "<group>"; };
		F18C86E2205385F100CDD5B5 /* PeopleCollectionViewCell.xib */ = {isa = PBXFileReference; lastKnownFileType = file.xib; path = PeopleCollectionViewCell.xib; sourceTree = "<group>"; };
		F18C86E52053903C00CDD5B5 /* RelatedMovie.swift */ = {isa = PBXFileReference; lastKnownFileType = sourcecode.swift; path = RelatedMovie.swift; sourceTree = "<group>"; };
		F18C86E920545F1500CDD5B5 /* UserStoredMovie.swift */ = {isa = PBXFileReference; lastKnownFileType = sourcecode.swift; path = UserStoredMovie.swift; sourceTree = "<group>"; };
		F196B44E204F3241009006C1 /* UserDefaultPhotosCollectionViewCell.swift */ = {isa = PBXFileReference; lastKnownFileType = sourcecode.swift; path = UserDefaultPhotosCollectionViewCell.swift; sourceTree = "<group>"; };
		F196B44F204F3241009006C1 /* UserDefaultPhotosCollectionViewCell.xib */ = {isa = PBXFileReference; lastKnownFileType = file.xib; path = UserDefaultPhotosCollectionViewCell.xib; sourceTree = "<group>"; };
		F1CF26572052553D008D4A60 /* MovieAndCastCollectionViewCell.swift */ = {isa = PBXFileReference; lastKnownFileType = sourcecode.swift; path = MovieAndCastCollectionViewCell.swift; sourceTree = "<group>"; };
		F1CF26582052553D008D4A60 /* MovieAndCastCollectionViewCell.xib */ = {isa = PBXFileReference; lastKnownFileType = file.xib; path = MovieAndCastCollectionViewCell.xib; sourceTree = "<group>"; };
		F1CF265C205259E4008D4A60 /* Cast.swift */ = {isa = PBXFileReference; lastKnownFileType = sourcecode.swift; path = Cast.swift; sourceTree = "<group>"; };
/* End PBXFileReference section */

/* Begin PBXFrameworksBuildPhase section */
		F10E6F3B20153401007AA679 /* Frameworks */ = {
			isa = PBXFrameworksBuildPhase;
			buildActionMask = 2147483647;
			files = (
				F2B78ACEE4C4FA4C0D5FB5D1 /* Pods_My_Entertainments.framework in Frameworks */,
			);
			runOnlyForDeploymentPostprocessing = 0;
		};
/* End PBXFrameworksBuildPhase section */

/* Begin PBXGroup section */
		A2AFB5BEFF5F09C3A8B52102 /* Pods */ = {
			isa = PBXGroup;
			children = (
				922EC5430F09E6A604EBA2C0 /* Pods-My Entertainments.debug.xcconfig */,
				58B52C0FF4EC7C215322765B /* Pods-My Entertainments.release.xcconfig */,
			);
			name = Pods;
			sourceTree = "<group>";
		};
		F10E6F3520153401007AA679 = {
			isa = PBXGroup;
			children = (
				F10E6F4020153401007AA679 /* My Entertainments */,
				F10E6F3F20153401007AA679 /* Products */,
				A2AFB5BEFF5F09C3A8B52102 /* Pods */,
				F90CEA4EF5E1CC0A363FA57D /* Frameworks */,
			);
			sourceTree = "<group>";
		};
		F10E6F3F20153401007AA679 /* Products */ = {
			isa = PBXGroup;
			children = (
				F10E6F3E20153401007AA679 /* My Entertainments.app */,
			);
			name = Products;
			sourceTree = "<group>";
		};
		F10E6F4020153401007AA679 /* My Entertainments */ = {
			isa = PBXGroup;
			children = (
				F189C50A20168FA200CEDA44 /* Model */,
				F10E6F5B20159BEC007AA679 /* View */,
				F10E6F5A20159BDB007AA679 /* Controller */,
				F10E6F5C20159BFD007AA679 /* Supports */,
				F10E6F4120153401007AA679 /* AppDelegate.swift */,
				F10E6F5D20159C31007AA679 /* ProtocolFile.swift */,
				F10E6F5020153401007AA679 /* Info.plist */,
				F15EF693201EDB650054683C /* Assets.xcassets */,
			);
			path = "My Entertainments";
			sourceTree = "<group>";
		};
		F10E6F5A20159BDB007AA679 /* Controller */ = {
			isa = PBXGroup;
			children = (
				F10E6F4320153401007AA679 /* LogInViewController.swift */,
				F10E6F58201553DA007AA679 /* SignUpViewController.swift */,
				F189C5062016531500CEDA44 /* SearchViewController.swift */,
				F15EF68B201C4A4F0054683C /* MovieDetailTableViewController.swift */,
				F18C86DE2053836E00CDD5B5 /* PeopleTableViewController.swift */,
				F13BB2E02057094300646678 /* UserStoredMovieViewController.swift */,
				F13BB32F2058F11A00646678 /* ContactsTableViewController.swift */,
				F13BB3312058F4CC00646678 /* NewContactViewController.swift */,
			);
			path = Controller;
			sourceTree = "<group>";
		};
		F10E6F5B20159BEC007AA679 /* View */ = {
			isa = PBXGroup;
			children = (
				F189C50F2016DD8E00CEDA44 /* cell */,
				F10E6F4520153401007AA679 /* Main.storyboard */,
				F10E6F4D20153401007AA679 /* LaunchScreen.storyboard */,
			);
			path = View;
			sourceTree = "<group>";
		};
		F10E6F5C20159BFD007AA679 /* Supports */ = {
			isa = PBXGroup;
			children = (
				F10E6F56201535C2007AA679 /* GoogleService-Info.plist */,
				F10E6F4820153401007AA679 /* My_Entertainments.xcdatamodeld */,
			);
			path = Supports;
			sourceTree = "<group>";
		};
		F13BB2DA205704C500646678 /* SideMenuTableViewCell */ = {
			isa = PBXGroup;
			children = (
				F13BB2D320562A1500646678 /* SideMenuTableViewCell.swift */,
				F13BB2D420562A1500646678 /* SideMenuTableViewCell.xib */,
			);
			name = SideMenuTableViewCell;
			sourceTree = "<group>";
		};
		F13BB2DE2057064C00646678 /* PeopleCollectionViewCell */ = {
			isa = PBXGroup;
			children = (
				F18C86E1205385F100CDD5B5 /* PeopleCollectionViewCell.swift */,
				F18C86E2205385F100CDD5B5 /* PeopleCollectionViewCell.xib */,
			);
			name = PeopleCollectionViewCell;
			sourceTree = "<group>";
		};
		F13BB2DF2057066700646678 /* UserDefaultPhotosCollectionViewCell */ = {
			isa = PBXGroup;
			children = (
				F196B44E204F3241009006C1 /* UserDefaultPhotosCollectionViewCell.swift */,
				F196B44F204F3241009006C1 /* UserDefaultPhotosCollectionViewCell.xib */,
			);
			name = UserDefaultPhotosCollectionViewCell;
			sourceTree = "<group>";
		};
		F13BB3282058ED9700646678 /* ContactsTableViewCell */ = {
			isa = PBXGroup;
			children = (
				F13BB3292058EDBA00646678 /* ContactsTableViewCell.swift */,
				F13BB32A2058EDBA00646678 /* ContactsTableViewCell.xib */,
			);
			name = ContactsTableViewCell;
			sourceTree = "<group>";
		};
		F15E7DD020505F3600EAE101 /* MovieTableViewCell */ = {
			isa = PBXGroup;
			children = (
				F189C50B20168FEF00CEDA44 /* MovieTableViewCell.swift */,
				F189C50C20168FEF00CEDA44 /* MovieTableViewCell.xib */,
			);
			name = MovieTableViewCell;
			sourceTree = "<group>";
		};
		F189C50A20168FA200CEDA44 /* Model */ = {
			isa = PBXGroup;
			children = (
				F189C5102016DDA500CEDA44 /* Movie.swift */,
				F1CF265C205259E4008D4A60 /* Cast.swift */,
				F18C86DC2052F6C100CDD5B5 /* SimilarMovie.swift */,
				F18C86E52053903C00CDD5B5 /* RelatedMovie.swift */,
				F1572FF920378D230048C08A /* UserAccount.swift */,
				F13BB32D2058EF0700646678 /* UserContact.swift */,
				F18C86E920545F1500CDD5B5 /* UserStoredMovie.swift */,
				F13BB2D82056FA5C00646678 /* SideMenuButton.swift */,
			);
			path = Model;
			sourceTree = "<group>";
		};
		F189C50F2016DD8E00CEDA44 /* cell */ = {
			isa = PBXGroup;
			children = (
				F13BB3282058ED9700646678 /* ContactsTableViewCell */,
				F13BB2DF2057066700646678 /* UserDefaultPhotosCollectionViewCell */,
				F13BB2DE2057064C00646678 /* PeopleCollectionViewCell */,
				F13BB2DA205704C500646678 /* SideMenuTableViewCell */,
				F1CF265B2052554C008D4A60 /* MovieAndCastCollectionViewCell */,
				F15E7DD020505F3600EAE101 /* MovieTableViewCell */,
			);
			path = cell;
			sourceTree = "<group>";
		};
		F1CF265B2052554C008D4A60 /* MovieAndCastCollectionViewCell */ = {
			isa = PBXGroup;
			children = (
				F1CF26572052553D008D4A60 /* MovieAndCastCollectionViewCell.swift */,
				F1CF26582052553D008D4A60 /* MovieAndCastCollectionViewCell.xib */,
			);
			name = MovieAndCastCollectionViewCell;
			sourceTree = "<group>";
		};
		F90CEA4EF5E1CC0A363FA57D /* Frameworks */ = {
			isa = PBXGroup;
			children = (
				71C7F1C40E083AFAE57BB13A /* Pods_My_Entertainments.framework */,
			);
			name = Frameworks;
			sourceTree = "<group>";
		};
/* End PBXGroup section */

/* Begin PBXNativeTarget section */
		F10E6F3D20153401007AA679 /* My Entertainments */ = {
			isa = PBXNativeTarget;
			buildConfigurationList = F10E6F5320153401007AA679 /* Build configuration list for PBXNativeTarget "My Entertainments" */;
			buildPhases = (
				35C527F7181D4950E0139DC3 /* [CP] Check Pods Manifest.lock */,
				F10E6F3A20153401007AA679 /* Sources */,
				F10E6F3B20153401007AA679 /* Frameworks */,
				F10E6F3C20153401007AA679 /* Resources */,
				56EC7AA606060F5315F2BA21 /* [CP] Embed Pods Frameworks */,
				65FBF497E66D8B2CC99F938F /* [CP] Copy Pods Resources */,
			);
			buildRules = (
			);
			dependencies = (
			);
			name = "My Entertainments";
			productName = "My Entertainments";
			productReference = F10E6F3E20153401007AA679 /* My Entertainments.app */;
			productType = "com.apple.product-type.application";
		};
/* End PBXNativeTarget section */

/* Begin PBXProject section */
		F10E6F3620153401007AA679 /* Project object */ = {
			isa = PBXProject;
			attributes = {
				LastSwiftUpdateCheck = 0920;
				LastUpgradeCheck = 0920;
				ORGANIZATIONNAME = "Hao Guan";
				TargetAttributes = {
					F10E6F3D20153401007AA679 = {
						CreatedOnToolsVersion = 9.2;
						ProvisioningStyle = Automatic;
					};
				};
			};
			buildConfigurationList = F10E6F3920153401007AA679 /* Build configuration list for PBXProject "My Entertainments" */;
			compatibilityVersion = "Xcode 8.0";
			developmentRegion = en;
			hasScannedForEncodings = 0;
			knownRegions = (
				en,
				Base,
			);
			mainGroup = F10E6F3520153401007AA679;
			productRefGroup = F10E6F3F20153401007AA679 /* Products */;
			projectDirPath = "";
			projectRoot = "";
			targets = (
				F10E6F3D20153401007AA679 /* My Entertainments */,
			);
		};
/* End PBXProject section */

/* Begin PBXResourcesBuildPhase section */
		F10E6F3C20153401007AA679 /* Resources */ = {
			isa = PBXResourcesBuildPhase;
			buildActionMask = 2147483647;
			files = (
				F10E6F4F20153401007AA679 /* LaunchScreen.storyboard in Resources */,
				F18C86E4205385F100CDD5B5 /* PeopleCollectionViewCell.xib in Resources */,
				F189C50E20168FEF00CEDA44 /* MovieTableViewCell.xib in Resources */,
				F1CF265A2052553D008D4A60 /* MovieAndCastCollectionViewCell.xib in Resources */,
				F13BB32C2058EDBA00646678 /* ContactsTableViewCell.xib in Resources */,
				F10E6F57201535C3007AA679 /* GoogleService-Info.plist in Resources */,
				F10E6F4720153401007AA679 /* Main.storyboard in Resources */,
				F13BB2D620562A1500646678 /* SideMenuTableViewCell.xib in Resources */,
				F196B451204F3241009006C1 /* UserDefaultPhotosCollectionViewCell.xib in Resources */,
				F15EF694201EDB660054683C /* Assets.xcassets in Resources */,
			);
			runOnlyForDeploymentPostprocessing = 0;
		};
/* End PBXResourcesBuildPhase section */

/* Begin PBXShellScriptBuildPhase section */
		35C527F7181D4950E0139DC3 /* [CP] Check Pods Manifest.lock */ = {
			isa = PBXShellScriptBuildPhase;
			buildActionMask = 2147483647;
			files = (
			);
			inputPaths = (
				"${PODS_PODFILE_DIR_PATH}/Podfile.lock",
				"${PODS_ROOT}/Manifest.lock",
			);
			name = "[CP] Check Pods Manifest.lock";
			outputPaths = (
				"$(DERIVED_FILE_DIR)/Pods-My Entertainments-checkManifestLockResult.txt",
			);
			runOnlyForDeploymentPostprocessing = 0;
			shellPath = /bin/sh;
			shellScript = "diff \"${PODS_PODFILE_DIR_PATH}/Podfile.lock\" \"${PODS_ROOT}/Manifest.lock\" > /dev/null\nif [ $? != 0 ] ; then\n    # print error to STDERR\n    echo \"error: The sandbox is not in sync with the Podfile.lock. Run 'pod install' or update your CocoaPods installation.\" >&2\n    exit 1\nfi\n# This output is used by Xcode 'outputs' to avoid re-running this script phase.\necho \"SUCCESS\" > \"${SCRIPT_OUTPUT_FILE_0}\"\n";
			showEnvVarsInLog = 0;
		};
		56EC7AA606060F5315F2BA21 /* [CP] Embed Pods Frameworks */ = {
			isa = PBXShellScriptBuildPhase;
			buildActionMask = 2147483647;
			files = (
			);
			inputPaths = (
				"${SRCROOT}/Pods/Target Support Files/Pods-My Entertainments/Pods-My Entertainments-frameworks.sh",
				"${BUILT_PRODUCTS_DIR}/Alamofire/Alamofire.framework",
				"${BUILT_PRODUCTS_DIR}/GTMSessionFetcher/GTMSessionFetcher.framework",
				"${BUILT_PRODUCTS_DIR}/GoogleToolboxForMac/GoogleToolboxForMac.framework",
				"${BUILT_PRODUCTS_DIR}/Realm/Realm.framework",
				"${BUILT_PRODUCTS_DIR}/RealmSwift/RealmSwift.framework",
				"${BUILT_PRODUCTS_DIR}/SDWebImage/SDWebImage.framework",
				"${BUILT_PRODUCTS_DIR}/SVProgressHUD/SVProgressHUD.framework",
				"${BUILT_PRODUCTS_DIR}/SwiftyJSON/SwiftyJSON.framework",
				"${BUILT_PRODUCTS_DIR}/leveldb-library/leveldb.framework",
				"${BUILT_PRODUCTS_DIR}/nanopb/nanopb.framework",
			);
			name = "[CP] Embed Pods Frameworks";
			outputPaths = (
				"${TARGET_BUILD_DIR}/${FRAMEWORKS_FOLDER_PATH}/Alamofire.framework",
				"${TARGET_BUILD_DIR}/${FRAMEWORKS_FOLDER_PATH}/GTMSessionFetcher.framework",
				"${TARGET_BUILD_DIR}/${FRAMEWORKS_FOLDER_PATH}/GoogleToolboxForMac.framework",
				"${TARGET_BUILD_DIR}/${FRAMEWORKS_FOLDER_PATH}/Realm.framework",
				"${TARGET_BUILD_DIR}/${FRAMEWORKS_FOLDER_PATH}/RealmSwift.framework",
				"${TARGET_BUILD_DIR}/${FRAMEWORKS_FOLDER_PATH}/SDWebImage.framework",
				"${TARGET_BUILD_DIR}/${FRAMEWORKS_FOLDER_PATH}/SVProgressHUD.framework",
				"${TARGET_BUILD_DIR}/${FRAMEWORKS_FOLDER_PATH}/SwiftyJSON.framework",
				"${TARGET_BUILD_DIR}/${FRAMEWORKS_FOLDER_PATH}/leveldb.framework",
				"${TARGET_BUILD_DIR}/${FRAMEWORKS_FOLDER_PATH}/nanopb.framework",
			);
			runOnlyForDeploymentPostprocessing = 0;
			shellPath = /bin/sh;
			shellScript = "\"${SRCROOT}/Pods/Target Support Files/Pods-My Entertainments/Pods-My Entertainments-frameworks.sh\"\n";
			showEnvVarsInLog = 0;
		};
		65FBF497E66D8B2CC99F938F /* [CP] Copy Pods Resources */ = {
			isa = PBXShellScriptBuildPhase;
			buildActionMask = 2147483647;
			files = (
			);
			inputPaths = (
			);
			name = "[CP] Copy Pods Resources";
			outputPaths = (
			);
			runOnlyForDeploymentPostprocessing = 0;
			shellPath = /bin/sh;
			shellScript = "\"${SRCROOT}/Pods/Target Support Files/Pods-My Entertainments/Pods-My Entertainments-resources.sh\"\n";
			showEnvVarsInLog = 0;
		};
/* End PBXShellScriptBuildPhase section */

/* Begin PBXSourcesBuildPhase section */
		F10E6F3A20153401007AA679 /* Sources */ = {
			isa = PBXSourcesBuildPhase;
			buildActionMask = 2147483647;
			files = (
				F13BB32B2058EDBA00646678 /* ContactsTableViewCell.swift in Sources */,
				F13BB2E12057094300646678 /* UserStoredMovieViewController.swift in Sources */,
				F1CF26592052553D008D4A60 /* MovieAndCastCollectionViewCell.swift in Sources */,
				F189C5072016531500CEDA44 /* SearchViewController.swift in Sources */,
				F10E6F4420153401007AA679 /* LogInViewController.swift in Sources */,
				F15EF68C201C4A4F0054683C /* MovieDetailTableViewController.swift in Sources */,
				F18C86DF2053836E00CDD5B5 /* PeopleTableViewController.swift in Sources */,
				F18C86E3205385F100CDD5B5 /* PeopleCollectionViewCell.swift in Sources */,
				F18C86EA20545F1500CDD5B5 /* UserStoredMovie.swift in Sources */,
				F1CF265D205259E4008D4A60 /* Cast.swift in Sources */,
				F189C5112016DDA500CEDA44 /* Movie.swift in Sources */,
				F13BB3322058F4CC00646678 /* NewContactViewController.swift in Sources */,
				F1572FFA20378D230048C08A /* UserAccount.swift in Sources */,
				F13BB32E2058EF0700646678 /* UserContact.swift in Sources */,
				F10E6F4A20153401007AA679 /* My_Entertainments.xcdatamodeld in Sources */,
				F13BB3302058F11A00646678 /* ContactsTableViewController.swift in Sources */,
				F18C86DD2052F6C100CDD5B5 /* SimilarMovie.swift in Sources */,
				F10E6F59201553DA007AA679 /* SignUpViewController.swift in Sources */,
				F196B450204F3241009006C1 /* UserDefaultPhotosCollectionViewCell.swift in Sources */,
				F10E6F4220153401007AA679 /* AppDelegate.swift in Sources */,
				F13BB2D92056FA5C00646678 /* SideMenuButton.swift in Sources */,
				F189C50D20168FEF00CEDA44 /* MovieTableViewCell.swift in Sources */,
				F13BB2D520562A1500646678 /* SideMenuTableViewCell.swift in Sources */,
				F10E6F5E20159C31007AA679 /* ProtocolFile.swift in Sources */,
				F18C86E62053903C00CDD5B5 /* RelatedMovie.swift in Sources */,
			);
			runOnlyForDeploymentPostprocessing = 0;
		};
/* End PBXSourcesBuildPhase section */

/* Begin PBXVariantGroup section */
		F10E6F4520153401007AA679 /* Main.storyboard */ = {
			isa = PBXVariantGroup;
			children = (
				F10E6F4620153401007AA679 /* Base */,
			);
			name = Main.storyboard;
			sourceTree = "<group>";
		};
		F10E6F4D20153401007AA679 /* LaunchScreen.storyboard */ = {
			isa = PBXVariantGroup;
			children = (
				F10E6F4E20153401007AA679 /* Base */,
			);
			name = LaunchScreen.storyboard;
			sourceTree = "<group>";
		};
/* End PBXVariantGroup section */

/* Begin XCBuildConfiguration section */
		F10E6F5120153401007AA679 /* Debug */ = {
			isa = XCBuildConfiguration;
			buildSettings = {
				ALWAYS_SEARCH_USER_PATHS = NO;
				CLANG_ANALYZER_NONNULL = YES;
				CLANG_ANALYZER_NUMBER_OBJECT_CONVERSION = YES_AGGRESSIVE;
				CLANG_CXX_LANGUAGE_STANDARD = "gnu++14";
				CLANG_CXX_LIBRARY = "libc++";
				CLANG_ENABLE_MODULES = YES;
				CLANG_ENABLE_OBJC_ARC = YES;
				CLANG_WARN_BLOCK_CAPTURE_AUTORELEASING = YES;
				CLANG_WARN_BOOL_CONVERSION = YES;
				CLANG_WARN_COMMA = YES;
				CLANG_WARN_CONSTANT_CONVERSION = YES;
				CLANG_WARN_DIRECT_OBJC_ISA_USAGE = YES_ERROR;
				CLANG_WARN_DOCUMENTATION_COMMENTS = YES;
				CLANG_WARN_EMPTY_BODY = YES;
				CLANG_WARN_ENUM_CONVERSION = YES;
				CLANG_WARN_INFINITE_RECURSION = YES;
				CLANG_WARN_INT_CONVERSION = YES;
				CLANG_WARN_NON_LITERAL_NULL_CONVERSION = YES;
				CLANG_WARN_OBJC_LITERAL_CONVERSION = YES;
				CLANG_WARN_OBJC_ROOT_CLASS = YES_ERROR;
				CLANG_WARN_RANGE_LOOP_ANALYSIS = YES;
				CLANG_WARN_STRICT_PROTOTYPES = YES;
				CLANG_WARN_SUSPICIOUS_MOVE = YES;
				CLANG_WARN_UNGUARDED_AVAILABILITY = YES_AGGRESSIVE;
				CLANG_WARN_UNREACHABLE_CODE = YES;
				CLANG_WARN__DUPLICATE_METHOD_MATCH = YES;
				CODE_SIGN_IDENTITY = "iPhone Developer";
				COPY_PHASE_STRIP = NO;
				DEBUG_INFORMATION_FORMAT = dwarf;
				ENABLE_STRICT_OBJC_MSGSEND = YES;
				ENABLE_TESTABILITY = YES;
				GCC_C_LANGUAGE_STANDARD = gnu11;
				GCC_DYNAMIC_NO_PIC = NO;
				GCC_NO_COMMON_BLOCKS = YES;
				GCC_OPTIMIZATION_LEVEL = 0;
				GCC_PREPROCESSOR_DEFINITIONS = (
					"DEBUG=1",
					"$(inherited)",
				);
				GCC_WARN_64_TO_32_BIT_CONVERSION = YES;
				GCC_WARN_ABOUT_RETURN_TYPE = YES_ERROR;
				GCC_WARN_UNDECLARED_SELECTOR = YES;
				GCC_WARN_UNINITIALIZED_AUTOS = YES_AGGRESSIVE;
				GCC_WARN_UNUSED_FUNCTION = YES;
				GCC_WARN_UNUSED_VARIABLE = YES;
				IPHONEOS_DEPLOYMENT_TARGET = 11.2;
				MTL_ENABLE_DEBUG_INFO = YES;
				ONLY_ACTIVE_ARCH = YES;
				SDKROOT = iphoneos;
				SWIFT_ACTIVE_COMPILATION_CONDITIONS = DEBUG;
				SWIFT_OPTIMIZATION_LEVEL = "-Onone";
			};
			name = Debug;
		};
		F10E6F5220153401007AA679 /* Release */ = {
			isa = XCBuildConfiguration;
			buildSettings = {
				ALWAYS_SEARCH_USER_PATHS = NO;
				CLANG_ANALYZER_NONNULL = YES;
				CLANG_ANALYZER_NUMBER_OBJECT_CONVERSION = YES_AGGRESSIVE;
				CLANG_CXX_LANGUAGE_STANDARD = "gnu++14";
				CLANG_CXX_LIBRARY = "libc++";
				CLANG_ENABLE_MODULES = YES;
				CLANG_ENABLE_OBJC_ARC = YES;
				CLANG_WARN_BLOCK_CAPTURE_AUTORELEASING = YES;
				CLANG_WARN_BOOL_CONVERSION = YES;
				CLANG_WARN_COMMA = YES;
				CLANG_WARN_CONSTANT_CONVERSION = YES;
				CLANG_WARN_DIRECT_OBJC_ISA_USAGE = YES_ERROR;
				CLANG_WARN_DOCUMENTATION_COMMENTS = YES;
				CLANG_WARN_EMPTY_BODY = YES;
				CLANG_WARN_ENUM_CONVERSION = YES;
				CLANG_WARN_INFINITE_RECURSION = YES;
				CLANG_WARN_INT_CONVERSION = YES;
				CLANG_WARN_NON_LITERAL_NULL_CONVERSION = YES;
				CLANG_WARN_OBJC_LITERAL_CONVERSION = YES;
				CLANG_WARN_OBJC_ROOT_CLASS = YES_ERROR;
				CLANG_WARN_RANGE_LOOP_ANALYSIS = YES;
				CLANG_WARN_STRICT_PROTOTYPES = YES;
				CLANG_WARN_SUSPICIOUS_MOVE = YES;
				CLANG_WARN_UNGUARDED_AVAILABILITY = YES_AGGRESSIVE;
				CLANG_WARN_UNREACHABLE_CODE = YES;
				CLANG_WARN__DUPLICATE_METHOD_MATCH = YES;
				CODE_SIGN_IDENTITY = "iPhone Developer";
				COPY_PHASE_STRIP = NO;
				DEBUG_INFORMATION_FORMAT = "dwarf-with-dsym";
				ENABLE_NS_ASSERTIONS = NO;
				ENABLE_STRICT_OBJC_MSGSEND = YES;
				GCC_C_LANGUAGE_STANDARD = gnu11;
				GCC_NO_COMMON_BLOCKS = YES;
				GCC_WARN_64_TO_32_BIT_CONVERSION = YES;
				GCC_WARN_ABOUT_RETURN_TYPE = YES_ERROR;
				GCC_WARN_UNDECLARED_SELECTOR = YES;
				GCC_WARN_UNINITIALIZED_AUTOS = YES_AGGRESSIVE;
				GCC_WARN_UNUSED_FUNCTION = YES;
				GCC_WARN_UNUSED_VARIABLE = YES;
				IPHONEOS_DEPLOYMENT_TARGET = 11.2;
				MTL_ENABLE_DEBUG_INFO = NO;
				SDKROOT = iphoneos;
				SWIFT_OPTIMIZATION_LEVEL = "-Owholemodule";
				VALIDATE_PRODUCT = YES;
			};
			name = Release;
		};
		F10E6F5420153401007AA679 /* Debug */ = {
			isa = XCBuildConfiguration;
			baseConfigurationReference = 922EC5430F09E6A604EBA2C0 /* Pods-My Entertainments.debug.xcconfig */;
			buildSettings = {
				ASSETCATALOG_COMPILER_APPICON_NAME = AppIcon;
				CODE_SIGN_STYLE = Automatic;
				DEVELOPMENT_TEAM = EH966UUX4K;
				INFOPLIST_FILE = "My Entertainments/Info.plist";
				LD_RUNPATH_SEARCH_PATHS = "$(inherited) @executable_path/Frameworks";
				PRODUCT_BUNDLE_IDENTIFIER = "com.garyguan.My-Entertainments";
				PRODUCT_NAME = "$(TARGET_NAME)";
				SWIFT_VERSION = 4.0;
				TARGETED_DEVICE_FAMILY = 1;
			};
			name = Debug;
		};
		F10E6F5520153401007AA679 /* Release */ = {
			isa = XCBuildConfiguration;
			baseConfigurationReference = 58B52C0FF4EC7C215322765B /* Pods-My Entertainments.release.xcconfig */;
			buildSettings = {
				ASSETCATALOG_COMPILER_APPICON_NAME = AppIcon;
				CODE_SIGN_STYLE = Automatic;
				DEVELOPMENT_TEAM = EH966UUX4K;
				INFOPLIST_FILE = "My Entertainments/Info.plist";
				LD_RUNPATH_SEARCH_PATHS = "$(inherited) @executable_path/Frameworks";
				PRODUCT_BUNDLE_IDENTIFIER = "com.garyguan.My-Entertainments";
				PRODUCT_NAME = "$(TARGET_NAME)";
				SWIFT_VERSION = 4.0;
				TARGETED_DEVICE_FAMILY = 1;
			};
			name = Release;
		};
/* End XCBuildConfiguration section */

/* Begin XCConfigurationList section */
		F10E6F3920153401007AA679 /* Build configuration list for PBXProject "My Entertainments" */ = {
			isa = XCConfigurationList;
			buildConfigurations = (
				F10E6F5120153401007AA679 /* Debug */,
				F10E6F5220153401007AA679 /* Release */,
			);
			defaultConfigurationIsVisible = 0;
			defaultConfigurationName = Release;
		};
		F10E6F5320153401007AA679 /* Build configuration list for PBXNativeTarget "My Entertainments" */ = {
			isa = XCConfigurationList;
			buildConfigurations = (
				F10E6F5420153401007AA679 /* Debug */,
				F10E6F5520153401007AA679 /* Release */,
			);
			defaultConfigurationIsVisible = 0;
			defaultConfigurationName = Release;
		};
/* End XCConfigurationList section */

/* Begin XCVersionGroup section */
		F10E6F4820153401007AA679 /* My_Entertainments.xcdatamodeld */ = {
			isa = XCVersionGroup;
			children = (
				F10E6F4920153401007AA679 /* My_Entertainments.xcdatamodel */,
			);
			currentVersion = F10E6F4920153401007AA679 /* My_Entertainments.xcdatamodel */;
			path = My_Entertainments.xcdatamodeld;
			sourceTree = "<group>";
			versionGroupType = wrapper.xcdatamodel;
		};
/* End XCVersionGroup section */
	};
	rootObject = F10E6F3620153401007AA679 /* Project object */;
}
