// !$*UTF8*$!
{
	archiveVersion = 1;
	classes = {
	};
	objectVersion = 48;
	objects = {

/* Begin PBXBuildFile section */
		F10E6F4220153401007AA679 /* AppDelegate.swift in Sources */ = {isa = PBXBuildFile; fileRef = F10E6F4120153401007AA679 /* AppDelegate.swift */; };
		F10E6F4420153401007AA679 /* ViewController.swift in Sources */ = {isa = PBXBuildFile; fileRef = F10E6F4320153401007AA679 /* ViewController.swift */; };
		F10E6F4720153401007AA679 /* Main.storyboard in Resources */ = {isa = PBXBuildFile; fileRef = F10E6F4520153401007AA679 /* Main.storyboard */; };
		F10E6F4A20153401007AA679 /* My_Entertainments.xcdatamodeld in Sources */ = {isa = PBXBuildFile; fileRef = F10E6F4820153401007AA679 /* My_Entertainments.xcdatamodeld */; };
		F10E6F4C20153401007AA679 /* Assets.xcassets in Resources */ = {isa = PBXBuildFile; fileRef = F10E6F4B20153401007AA679 /* Assets.xcassets */; };
		F10E6F4F20153401007AA679 /* LaunchScreen.storyboard in Resources */ = {isa = PBXBuildFile; fileRef = F10E6F4D20153401007AA679 /* LaunchScreen.storyboard */; };
/* End PBXBuildFile section */

/* Begin PBXFileReference section */
		F10E6F3E20153401007AA679 /* My Entertainments.app */ = {isa = PBXFileReference; explicitFileType = wrapper.application; includeInIndex = 0; path = "My Entertainments.app"; sourceTree = BUILT_PRODUCTS_DIR; };
		F10E6F4120153401007AA679 /* AppDelegate.swift */ = {isa = PBXFileReference; lastKnownFileType = sourcecode.swift; path = AppDelegate.swift; sourceTree = "<group>"; };
		F10E6F4320153401007AA679 /* ViewController.swift */ = {isa = PBXFileReference; lastKnownFileType = sourcecode.swift; path = ViewController.swift; sourceTree = "<group>"; };
		F10E6F4620153401007AA679 /* Base */ = {isa = PBXFileReference; lastKnownFileType = file.storyboard; name = Base; path = Base.lproj/Main.storyboard; sourceTree = "<group>"; };
		F10E6F4920153401007AA679 /* My_Entertainments.xcdatamodel */ = {isa = PBXFileReference; lastKnownFileType = wrapper.xcdatamodel; path = My_Entertainments.xcdatamodel; sourceTree = "<group>"; };
		F10E6F4B20153401007AA679 /* Assets.xcassets */ = {isa = PBXFileReference; lastKnownFileType = folder.assetcatalog; path = Assets.xcassets; sourceTree = "<group>"; };
		F10E6F4E20153401007AA679 /* Base */ = {isa = PBXFileReference; lastKnownFileType = file.storyboard; name = Base; path = Base.lproj/LaunchScreen.storyboard; sourceTree = "<group>"; };
		F10E6F5020153401007AA679 /* Info.plist */ = {isa = PBXFileReference; lastKnownFileType = text.plist.xml; path = Info.plist; sourceTree = "<group>"; };
/* End PBXFileReference section */

/* Begin PBXFrameworksBuildPhase section */
		F10E6F3B20153401007AA679 /* Frameworks */ = {
			isa = PBXFrameworksBuildPhase;
			buildActionMask = 2147483647;
			files = (
			);
			runOnlyForDeploymentPostprocessing = 0;
		};
/* End PBXFrameworksBuildPhase section */

/* Begin PBXGroup section */
		F10E6F3520153401007AA679 = {
			isa = PBXGroup;
			children = (
				F10E6F4020153401007AA679 /* My Entertainments */,
				F10E6F3F20153401007AA679 /* Products */,
			);
			sourceTree = "<group>";
		};
		F10E6F3F20153401007AA679 /* Products */ = {
			isa = PBXGroup;
			children = (
				F10E6F3E20153401007AA679 /* My Entertainments.app */,
			);
			name = Products;
			sourceTree = "<group>";
		};
		F10E6F4020153401007AA679 /* My Entertainments */ = {
			isa = PBXGroup;
			children = (
				F10E6F4120153401007AA679 /* AppDelegate.swift */,
				F10E6F4320153401007AA679 /* ViewController.swift */,
				F10E6F4520153401007AA679 /* Main.storyboard */,
				F10E6F4B20153401007AA679 /* Assets.xcassets */,
				F10E6F4D20153401007AA679 /* LaunchScreen.storyboard */,
				F10E6F5020153401007AA679 /* Info.plist */,
				F10E6F4820153401007AA679 /* My_Entertainments.xcdatamodeld */,
			);
			path = "My Entertainments";
			sourceTree = "<group>";
		};
/* End PBXGroup section */

/* Begin PBXNativeTarget section */
		F10E6F3D20153401007AA679 /* My Entertainments */ = {
			isa = PBXNativeTarget;
			buildConfigurationList = F10E6F5320153401007AA679 /* Build configuration list for PBXNativeTarget "My Entertainments" */;
			buildPhases = (
				F10E6F3A20153401007AA679 /* Sources */,
				F10E6F3B20153401007AA679 /* Frameworks */,
				F10E6F3C20153401007AA679 /* Resources */,
			);
			buildRules = (
			);
			dependencies = (
			);
			name = "My Entertainments";
			productName = "My Entertainments";
			productReference = F10E6F3E20153401007AA679 /* My Entertainments.app */;
			productType = "com.apple.product-type.application";
		};
/* End PBXNativeTarget section */

/* Begin PBXProject section */
		F10E6F3620153401007AA679 /* Project object */ = {
			isa = PBXProject;
			attributes = {
				LastSwiftUpdateCheck = 0920;
				LastUpgradeCheck = 0920;
				ORGANIZATIONNAME = "Hao Guan";
				TargetAttributes = {
					F10E6F3D20153401007AA679 = {
						CreatedOnToolsVersion = 9.2;
						ProvisioningStyle = Automatic;
					};
				};
			};
			buildConfigurationList = F10E6F3920153401007AA679 /* Build configuration list for PBXProject "My Entertainments" */;
			compatibilityVersion = "Xcode 8.0";
			developmentRegion = en;
			hasScannedForEncodings = 0;
			knownRegions = (
				en,
				Base,
			);
			mainGroup = F10E6F3520153401007AA679;
			productRefGroup = F10E6F3F20153401007AA679 /* Products */;
			projectDirPath = "";
			projectRoot = "";
			targets = (
				F10E6F3D20153401007AA679 /* My Entertainments */,
			);
		};
/* End PBXProject section */

/* Begin PBXResourcesBuildPhase section */
		F10E6F3C20153401007AA679 /* Resources */ = {
			isa = PBXResourcesBuildPhase;
			buildActionMask = 2147483647;
			files = (
				F10E6F4F20153401007AA679 /* LaunchScreen.storyboard in Resources */,
				F10E6F4C20153401007AA679 /* Assets.xcassets in Resources */,
				F10E6F4720153401007AA679 /* Main.storyboard in Resources */,
			);
			runOnlyForDeploymentPostprocessing = 0;
		};
/* End PBXResourcesBuildPhase section */

/* Begin PBXSourcesBuildPhase section */
		F10E6F3A20153401007AA679 /* Sources */ = {
			isa = PBXSourcesBuildPhase;
			buildActionMask = 2147483647;
			files = (
				F10E6F4420153401007AA679 /* ViewController.swift in Sources */,
				F10E6F4A20153401007AA679 /* My_Entertainments.xcdatamodeld in Sources */,
				F10E6F4220153401007AA679 /* AppDelegate.swift in Sources */,
			);
			runOnlyForDeploymentPostprocessing = 0;
		};
/* End PBXSourcesBuildPhase section */

/* Begin PBXVariantGroup section */
		F10E6F4520153401007AA679 /* Main.storyboard */ = {
			isa = PBXVariantGroup;
			children = (
				F10E6F4620153401007AA679 /* Base */,
			);
			name = Main.storyboard;
			sourceTree = "<group>";
		};
		F10E6F4D20153401007AA679 /* LaunchScreen.storyboard */ = {
			isa = PBXVariantGroup;
			children = (
				F10E6F4E20153401007AA679 /* Base */,
			);
			name = LaunchScreen.storyboard;
			sourceTree = "<group>";
		};
/* End PBXVariantGroup section */

/* Begin XCBuildConfiguration section */
		F10E6F5120153401007AA679 /* Debug */ = {
			isa = XCBuildConfiguration;
			buildSettings = {
				ALWAYS_SEARCH_USER_PATHS = NO;
				CLANG_ANALYZER_NONNULL = YES;
				CLANG_ANALYZER_NUMBER_OBJECT_CONVERSION = YES_AGGRESSIVE;
				CLANG_CXX_LANGUAGE_STANDARD = "gnu++14";
				CLANG_CXX_LIBRARY = "libc++";
				CLANG_ENABLE_MODULES = YES;
				CLANG_ENABLE_OBJC_ARC = YES;
				CLANG_WARN_BLOCK_CAPTURE_AUTORELEASING = YES;
				CLANG_WARN_BOOL_CONVERSION = YES;
				CLANG_WARN_COMMA = YES;
				CLANG_WARN_CONSTANT_CONVERSION = YES;
				CLANG_WARN_DIRECT_OBJC_ISA_USAGE = YES_ERROR;
				CLANG_WARN_DOCUMENTATION_COMMENTS = YES;
				CLANG_WARN_EMPTY_BODY = YES;
				CLANG_WARN_ENUM_CONVERSION = YES;
				CLANG_WARN_INFINITE_RECURSION = YES;
				CLANG_WARN_INT_CONVERSION = YES;
				CLANG_WARN_NON_LITERAL_NULL_CONVERSION = YES;
				CLANG_WARN_OBJC_LITERAL_CONVERSION = YES;
				CLANG_WARN_OBJC_ROOT_CLASS = YES_ERROR;
				CLANG_WARN_RANGE_LOOP_ANALYSIS = YES;
				CLANG_WARN_STRICT_PROTOTYPES = YES;
				CLANG_WARN_SUSPICIOUS_MOVE = YES;
				CLANG_WARN_UNGUARDED_AVAILABILITY = YES_AGGRESSIVE;
				CLANG_WARN_UNREACHABLE_CODE = YES;
				CLANG_WARN__DUPLICATE_METHOD_MATCH = YES;
				CODE_SIGN_IDENTITY = "iPhone Developer";
				COPY_PHASE_STRIP = NO;
				DEBUG_INFORMATION_FORMAT = dwarf;
				ENABLE_STRICT_OBJC_MSGSEND = YES;
				ENABLE_TESTABILITY = YES;
				GCC_C_LANGUAGE_STANDARD = gnu11;
				GCC_DYNAMIC_NO_PIC = NO;
				GCC_NO_COMMON_BLOCKS = YES;
				GCC_OPTIMIZATION_LEVEL = 0;
				GCC_PREPROCESSOR_DEFINITIONS = (
					"DEBUG=1",
					"$(inherited)",
				);
				GCC_WARN_64_TO_32_BIT_CONVERSION = YES;
				GCC_WARN_ABOUT_RETURN_TYPE = YES_ERROR;
				GCC_WARN_UNDECLARED_SELECTOR = YES;
				GCC_WARN_UNINITIALIZED_AUTOS = YES_AGGRESSIVE;
				GCC_WARN_UNUSED_FUNCTION = YES;
				GCC_WARN_UNUSED_VARIABLE = YES;
				IPHONEOS_DEPLOYMENT_TARGET = 11.2;
				MTL_ENABLE_DEBUG_INFO = YES;
				ONLY_ACTIVE_ARCH = YES;
				SDKROOT = iphoneos;
				SWIFT_ACTIVE_COMPILATION_CONDITIONS = DEBUG;
				SWIFT_OPTIMIZATION_LEVEL = "-Onone";
			};
			name = Debug;
		};
		F10E6F5220153401007AA679 /* Release */ = {
			isa = XCBuildConfiguration;
			buildSettings = {
				ALWAYS_SEARCH_USER_PATHS = NO;
				CLANG_ANALYZER_NONNULL = YES;
				CLANG_ANALYZER_NUMBER_OBJECT_CONVERSION = YES_AGGRESSIVE;
				CLANG_CXX_LANGUAGE_STANDARD = "gnu++14";
				CLANG_CXX_LIBRARY = "libc++";
				CLANG_ENABLE_MODULES = YES;
				CLANG_ENABLE_OBJC_ARC = YES;
				CLANG_WARN_BLOCK_CAPTURE_AUTORELEASING = YES;
				CLANG_WARN_BOOL_CONVERSION = YES;
				CLANG_WARN_COMMA = YES;
				CLANG_WARN_CONSTANT_CONVERSION = YES;
				CLANG_WARN_DIRECT_OBJC_ISA_USAGE = YES_ERROR;
				CLANG_WARN_DOCUMENTATION_COMMENTS = YES;
				CLANG_WARN_EMPTY_BODY = YES;
				CLANG_WARN_ENUM_CONVERSION = YES;
				CLANG_WARN_INFINITE_RECURSION = YES;
				CLANG_WARN_INT_CONVERSION = YES;
				CLANG_WARN_NON_LITERAL_NULL_CONVERSION = YES;
				CLANG_WARN_OBJC_LITERAL_CONVERSION = YES;
				CLANG_WARN_OBJC_ROOT_CLASS = YES_ERROR;
				CLANG_WARN_RANGE_LOOP_ANALYSIS = YES;
				CLANG_WARN_STRICT_PROTOTYPES = YES;
				CLANG_WARN_SUSPICIOUS_MOVE = YES;
				CLANG_WARN_UNGUARDED_AVAILABILITY = YES_AGGRESSIVE;
				CLANG_WARN_UNREACHABLE_CODE = YES;
				CLANG_WARN__DUPLICATE_METHOD_MATCH = YES;
				CODE_SIGN_IDENTITY = "iPhone Developer";
				COPY_PHASE_STRIP = NO;
				DEBUG_INFORMATION_FORMAT = "dwarf-with-dsym";
				ENABLE_NS_ASSERTIONS = NO;
				ENABLE_STRICT_OBJC_MSGSEND = YES;
				GCC_C_LANGUAGE_STANDARD = gnu11;
				GCC_NO_COMMON_BLOCKS = YES;
				GCC_WARN_64_TO_32_BIT_CONVERSION = YES;
				GCC_WARN_ABOUT_RETURN_TYPE = YES_ERROR;
				GCC_WARN_UNDECLARED_SELECTOR = YES;
				GCC_WARN_UNINITIALIZED_AUTOS = YES_AGGRESSIVE;
				GCC_WARN_UNUSED_FUNCTION = YES;
				GCC_WARN_UNUSED_VARIABLE = YES;
				IPHONEOS_DEPLOYMENT_TARGET = 11.2;
				MTL_ENABLE_DEBUG_INFO = NO;
				SDKROOT = iphoneos;
				SWIFT_OPTIMIZATION_LEVEL = "-Owholemodule";
				VALIDATE_PRODUCT = YES;
			};
			name = Release;
		};
		F10E6F5420153401007AA679 /* Debug */ = {
			isa = XCBuildConfiguration;
			buildSettings = {
				ASSETCATALOG_COMPILER_APPICON_NAME = AppIcon;
				CODE_SIGN_STYLE = Automatic;
				DEVELOPMENT_TEAM = EH966UUX4K;
				INFOPLIST_FILE = "My Entertainments/Info.plist";
				LD_RUNPATH_SEARCH_PATHS = "$(inherited) @executable_path/Frameworks";
				PRODUCT_BUNDLE_IDENTIFIER = "com.garyguan.My-Entertainments";
				PRODUCT_NAME = "$(TARGET_NAME)";
				SWIFT_VERSION = 4.0;
				TARGETED_DEVICE_FAMILY = "1,2";
			};
			name = Debug;
		};
		F10E6F5520153401007AA679 /* Release */ = {
			isa = XCBuildConfiguration;
			buildSettings = {
				ASSETCATALOG_COMPILER_APPICON_NAME = AppIcon;
				CODE_SIGN_STYLE = Automatic;
				DEVELOPMENT_TEAM = EH966UUX4K;
				INFOPLIST_FILE = "My Entertainments/Info.plist";
				LD_RUNPATH_SEARCH_PATHS = "$(inherited) @executable_path/Frameworks";
				PRODUCT_BUNDLE_IDENTIFIER = "com.garyguan.My-Entertainments";
				PRODUCT_NAME = "$(TARGET_NAME)";
				SWIFT_VERSION = 4.0;
				TARGETED_DEVICE_FAMILY = "1,2";
			};
			name = Release;
		};
/* End XCBuildConfiguration section */

/* Begin XCConfigurationList section */
		F10E6F3920153401007AA679 /* Build configuration list for PBXProject "My Entertainments" */ = {
			isa = XCConfigurationList;
			buildConfigurations = (
				F10E6F5120153401007AA679 /* Debug */,
				F10E6F5220153401007AA679 /* Release */,
			);
			defaultConfigurationIsVisible = 0;
			defaultConfigurationName = Release;
		};
		F10E6F5320153401007AA679 /* Build configuration list for PBXNativeTarget "My Entertainments" */ = {
			isa = XCConfigurationList;
			buildConfigurations = (
				F10E6F5420153401007AA679 /* Debug */,
				F10E6F5520153401007AA679 /* Release */,
			);
			defaultConfigurationIsVisible = 0;
			defaultConfigurationName = Release;
		};
/* End XCConfigurationList section */

/* Begin XCVersionGroup section */
		F10E6F4820153401007AA679 /* My_Entertainments.xcdatamodeld */ = {
			isa = XCVersionGroup;
			children = (
				F10E6F4920153401007AA679 /* My_Entertainments.xcdatamodel */,
			);
			currentVersion = F10E6F4920153401007AA679 /* My_Entertainments.xcdatamodel */;
			path = My_Entertainments.xcdatamodeld;
			sourceTree = "<group>";
			versionGroupType = wrapper.xcdatamodel;
		};
/* End XCVersionGroup section */
	};
	rootObject = F10E6F3620153401007AA679 /* Project object */;
}
